
Microsoft Visual Studio Solution File, Format Version 12.00
# Visual Studio Version 17
VisualStudioVersion = 17.3.32901.215
MinimumVisualStudioVersion = 10.0.40219.1
Project("{8BC9CEB8-8B4A-11D0-8D11-00A0C91BC942}") = "RemoteCtrl", "RemoteCtrl\RemoteCtrl.vcxproj", "{AB139691-784B-4CA3-9639-97EDFEA3BEBF}"
EndProject
Project("{8BC9CEB8-8B4A-11D0-8D11-00A0C91BC942}") = "RemoteClient", "RemoteClient\RemoteClient.vcxproj", "{ED0D5A2A-2942-4621-97C7-4DE1CE7DF54A}"
EndProject
Project("{2150E333-8FDC-42A3-9474-1A3956D46DE8}") = "解决方案项", "解决方案项", "{830917A4-F211-4CD3-95DB-D30DF13F4581}"
	ProjectSection(SolutionItems) = preProject
		远程控制系统设计.mdj = 远程控制系统设计.mdj
	EndProjectSection
EndProject
Global
	GlobalSection(SolutionConfigurationPlatforms) = preSolution
		Debug|x64 = Debug|x64
		Debug|x86 = Debug|x86
		Release|x64 = Release|x64
		Release|x86 = Release|x86
	EndGlobalSection
	GlobalSection(ProjectConfigurationPlatforms) = postSolution
		{AB139691-784B-4CA3-9639-97EDFEA3BEBF}.Debug|x64.ActiveCfg = Debug|x64
		{AB139691-784B-4CA3-9639-97EDFEA3BEBF}.Debug|x64.Build.0 = Debug|x64
		{AB139691-784B-4CA3-9639-97EDFEA3BEBF}.Debug|x86.ActiveCfg = Debug|Win32
		{AB139691-784B-4CA3-9639-97EDFEA3BEBF}.Debug|x86.Build.0 = Debug|Win32
		{AB139691-784B-4CA3-9639-97EDFEA3BEBF}.Release|x64.ActiveCfg = Release|x64
		{AB139691-784B-4CA3-9639-97EDFEA3BEBF}.Release|x64.Build.0 = Release|x64
		{AB139691-784B-4CA3-9639-97EDFEA3BEBF}.Release|x86.ActiveCfg = Release|Win32
		{AB139691-784B-4CA3-9639-97EDFEA3BEBF}.Release|x86.Build.0 = Release|Win32
		{ED0D5A2A-2942-4621-97C7-4DE1CE7DF54A}.Debug|x64.ActiveCfg = Debug|x64
		{ED0D5A2A-2942-4621-97C7-4DE1CE7DF54A}.Debug|x64.Build.0 = Debug|x64
		{ED0D5A2A-2942-4621-97C7-4DE1CE7DF54A}.Debug|x86.ActiveCfg = Debug|Win32
		{ED0D5A2A-2942-4621-97C7-4DE1CE7DF54A}.Debug|x86.Build.0 = Debug|Win32
		{ED0D5A2A-2942-4621-97C7-4DE1CE7DF54A}.Release|x64.ActiveCfg = Release|x64
		{ED0D5A2A-2942-4621-97C7-4DE1CE7DF54A}.Release|x64.Build.0 = Release|x64
		{ED0D5A2A-2942-4621-97C7-4DE1CE7DF54A}.Release|x86.ActiveCfg = Release|Win32
		{ED0D5A2A-2942-4621-97C7-4DE1CE7DF54A}.Release|x86.Build.0 = Release|Win32
	EndGlobalSection
	GlobalSection(SolutionProperties) = preSolution
		HideSolutionNode = FALSE
	EndGlobalSection
	GlobalSection(ExtensibilityGlobals) = postSolution
		SolutionGuid = {A09A335B-D887-46FD-8D0F-232609ECBB48}
	EndGlobalSection
EndGlobal
